
Microsoft Visual Studio Solution File, Format Version 12.00
# Visual Studio Version 16
VisualStudioVersion = 16.0.30907.101
MinimumVisualStudioVersion = 10.0.40219.1
Project("{FAE04EC0-301F-11D3-BF4B-00C04F79EFBC}") = "DataAccess", "DataAccess\DataAccess.csproj", "{B1858D48-1D7D-412E-AB61-E44ABD36D366}"
EndProject
Project("{FAE04EC0-301F-11D3-BF4B-00C04F79EFBC}") = "Business", "Business\Business.csproj", "{12E6E532-A2F3-4264-A380-619074849575}"
EndProject
Project("{FAE04EC0-301F-11D3-BF4B-00C04F79EFBC}") = "Entities", "Entities\Entities.csproj", "{A1E30C42-3932-420B-9652-376FDC010752}"
EndProject
Project("{FAE04EC0-301F-11D3-BF4B-00C04F79EFBC}") = "ConsoleUI", "ConsoleUI\ConsoleUI.csproj", "{1DA29395-1521-4BE8-A321-577586DF785B}"
EndProject
Global
	GlobalSection(SolutionConfigurationPlatforms) = preSolution
		Debug|Any CPU = Debug|Any CPU
		Release|Any CPU = Release|Any CPU
	EndGlobalSection
	GlobalSection(ProjectConfigurationPlatforms) = postSolution
		{B1858D48-1D7D-412E-AB61-E44ABD36D366}.Debug|Any CPU.ActiveCfg = Debug|Any CPU
		{B1858D48-1D7D-412E-AB61-E44ABD36D366}.Debug|Any CPU.Build.0 = Debug|Any CPU
		{B1858D48-1D7D-412E-AB61-E44ABD36D366}.Release|Any CPU.ActiveCfg = Release|Any CPU
		{B1858D48-1D7D-412E-AB61-E44ABD36D366}.Release|Any CPU.Build.0 = Release|Any CPU
		{12E6E532-A2F3-4264-A380-619074849575}.Debug|Any CPU.ActiveCfg = Debug|Any CPU
		{12E6E532-A2F3-4264-A380-619074849575}.Debug|Any CPU.Build.0 = Debug|Any CPU
		{12E6E532-A2F3-4264-A380-619074849575}.Release|Any CPU.ActiveCfg = Release|Any CPU
		{12E6E532-A2F3-4264-A380-619074849575}.Release|Any CPU.Build.0 = Release|Any CPU
		{A1E30C42-3932-420B-9652-376FDC010752}.Debug|Any CPU.ActiveCfg = Debug|Any CPU
		{A1E30C42-3932-420B-9652-376FDC010752}.Debug|Any CPU.Build.0 = Debug|Any CPU
		{A1E30C42-3932-420B-9652-376FDC010752}.Release|Any CPU.ActiveCfg = Release|Any CPU
		{A1E30C42-3932-420B-9652-376FDC010752}.Release|Any CPU.Build.0 = Release|Any CPU
		{1DA29395-1521-4BE8-A321-577586DF785B}.Debug|Any CPU.ActiveCfg = Debug|Any CPU
		{1DA29395-1521-4BE8-A321-577586DF785B}.Debug|Any CPU.Build.0 = Debug|Any CPU
		{1DA29395-1521-4BE8-A321-577586DF785B}.Release|Any CPU.ActiveCfg = Release|Any CPU
		{1DA29395-1521-4BE8-A321-577586DF785B}.Release|Any CPU.Build.0 = Release|Any CPU
	EndGlobalSection
	GlobalSection(SolutionProperties) = preSolution
		HideSolutionNode = FALSE
	EndGlobalSection
	GlobalSection(ExtensibilityGlobals) = postSolution
		SolutionGuid = {7051B9BB-3E66-44DA-A57A-4346022FD8FC}
	EndGlobalSection
EndGlobal
